{
  "name": "ultistats_vue",
  "lockfileVersion": 3,
  "requires": true,
  "packages": {
    "": {
      "dependencies": {
        "@revolist/vue3-datagrid": "^4.16.0"
      }
    },
    "node_modules/@revolist/revogrid": {
      "version": "4.16.0",
      "resolved": "https://registry.npmjs.org/@revolist/revogrid/-/revogrid-4.16.0.tgz",
      "integrity": "sha512-Lyc6XtVhAYp4Zo8tPjuWU1JQItVe+LzCxMbpGFH8Vmid/5XCL5nxTFzaLd5L40/G3kbihlj0ZH9wlV0V1zUfmA==",
      "license": "MIT"
    },
    "node_modules/@revolist/vue3-datagrid": {
      "version": "4.16.0",
      "resolved": "https://registry.npmjs.org/@revolist/vue3-datagrid/-/vue3-datagrid-4.16.0.tgz",
      "integrity": "sha512-iA4+L/Z16I32WVFKP79SY8YqITqyWSXcd7CFkmPw9ULzwF+QILZ+1XaYat3QERlIiFd911PpZWa+mkPifItWWQ==",
      "license": "MIT",
      "dependencies": {
        "@revolist/revogrid": "4.16.0"
      }
    }
  }
}
